
Microsoft Visual Studio Solution File, Format Version 12.00
# Visual Studio Version 17
VisualStudioVersion = 17.3.32929.385
MinimumVisualStudioVersion = 10.0.40219.1
Project("{FAE04EC0-301F-11D3-BF4B-00C04F79EFBC}") = "Students", "Students\Students.csproj", "{BE7A12D7-19B2-45BB-AAE1-67440CBAE1DB}"
EndProject
Global
	GlobalSection(SolutionConfigurationPlatforms) = preSolution
		Debug|Any CPU = Debug|Any CPU
		Release|Any CPU = Release|Any CPU
	EndGlobalSection
	GlobalSection(ProjectConfigurationPlatforms) = postSolution
		{BE7A12D7-19B2-45BB-AAE1-67440CBAE1DB}.Debug|Any CPU.ActiveCfg = Debug|Any CPU
		{BE7A12D7-19B2-45BB-AAE1-67440CBAE1DB}.Debug|Any CPU.Build.0 = Debug|Any CPU
		{BE7A12D7-19B2-45BB-AAE1-67440CBAE1DB}.Release|Any CPU.ActiveCfg = Release|Any CPU
		{BE7A12D7-19B2-45BB-AAE1-67440CBAE1DB}.Release|Any CPU.Build.0 = Release|Any CPU
	EndGlobalSection
	GlobalSection(SolutionProperties) = preSolution
		HideSolutionNode = FALSE
	EndGlobalSection
	GlobalSection(ExtensibilityGlobals) = postSolution
		SolutionGuid = {70330785-12F6-4994-AD84-66C16A948C77}
	EndGlobalSection
EndGlobal
