
Microsoft Visual Studio Solution File, Format Version 12.00
# Visual Studio Version 17
VisualStudioVersion = 17.5.33627.172
MinimumVisualStudioVersion = 10.0.40219.1
Project("{FAE04EC0-301F-11D3-BF4B-00C04F79EFBC}") = "CoinFlipAnimation", "CoinFlipAnimation\CoinFlipAnimation.csproj", "{C1708D89-E6AB-4CED-953C-B8F6CE9B65F1}"
EndProject
Project("{FAE04EC0-301F-11D3-BF4B-00C04F79EFBC}") = "Anime_3D", "Anime_3D\Anime_3D.csproj", "{A84527B3-E2C6-4394-8FF8-C4FF574A1864}"
EndProject
Project("{FAE04EC0-301F-11D3-BF4B-00C04F79EFBC}") = "Final", "Final\Final.csproj", "{51A2E850-91CA-42EE-8D62-B9BF647FDC0A}"
EndProject
Global
	GlobalSection(SolutionConfigurationPlatforms) = preSolution
		Debug|Any CPU = Debug|Any CPU
		Release|Any CPU = Release|Any CPU
	EndGlobalSection
	GlobalSection(ProjectConfigurationPlatforms) = postSolution
		{C1708D89-E6AB-4CED-953C-B8F6CE9B65F1}.Debug|Any CPU.ActiveCfg = Debug|Any CPU
		{C1708D89-E6AB-4CED-953C-B8F6CE9B65F1}.Debug|Any CPU.Build.0 = Debug|Any CPU
		{C1708D89-E6AB-4CED-953C-B8F6CE9B65F1}.Release|Any CPU.ActiveCfg = Release|Any CPU
		{C1708D89-E6AB-4CED-953C-B8F6CE9B65F1}.Release|Any CPU.Build.0 = Release|Any CPU
		{A84527B3-E2C6-4394-8FF8-C4FF574A1864}.Debug|Any CPU.ActiveCfg = Debug|Any CPU
		{A84527B3-E2C6-4394-8FF8-C4FF574A1864}.Debug|Any CPU.Build.0 = Debug|Any CPU
		{A84527B3-E2C6-4394-8FF8-C4FF574A1864}.Release|Any CPU.ActiveCfg = Release|Any CPU
		{A84527B3-E2C6-4394-8FF8-C4FF574A1864}.Release|Any CPU.Build.0 = Release|Any CPU
		{51A2E850-91CA-42EE-8D62-B9BF647FDC0A}.Debug|Any CPU.ActiveCfg = Debug|Any CPU
		{51A2E850-91CA-42EE-8D62-B9BF647FDC0A}.Debug|Any CPU.Build.0 = Debug|Any CPU
		{51A2E850-91CA-42EE-8D62-B9BF647FDC0A}.Release|Any CPU.ActiveCfg = Release|Any CPU
		{51A2E850-91CA-42EE-8D62-B9BF647FDC0A}.Release|Any CPU.Build.0 = Release|Any CPU
	EndGlobalSection
	GlobalSection(SolutionProperties) = preSolution
		HideSolutionNode = FALSE
	EndGlobalSection
	GlobalSection(ExtensibilityGlobals) = postSolution
		SolutionGuid = {B59D7D4E-CBFB-4C52-A12A-E4B44B290E4C}
	EndGlobalSection
EndGlobal
