
Microsoft Visual Studio Solution File, Format Version 12.00
# Visual Studio Version 17
VisualStudioVersion = 17.3.32929.385
MinimumVisualStudioVersion = 10.0.40219.1
Project("{FAE04EC0-301F-11D3-BF4B-00C04F79EFBC}") = "BankAccount", "BankAccount\BankAccount.csproj", "{24D4D435-8337-415C-ACC7-AA9931D8A556}"
EndProject
Global
	GlobalSection(SolutionConfigurationPlatforms) = preSolution
		Debug|Any CPU = Debug|Any CPU
		Release|Any CPU = Release|Any CPU
	EndGlobalSection
	GlobalSection(ProjectConfigurationPlatforms) = postSolution
		{24D4D435-8337-415C-ACC7-AA9931D8A556}.Debug|Any CPU.ActiveCfg = Debug|Any CPU
		{24D4D435-8337-415C-ACC7-AA9931D8A556}.Debug|Any CPU.Build.0 = Debug|Any CPU
		{24D4D435-8337-415C-ACC7-AA9931D8A556}.Release|Any CPU.ActiveCfg = Release|Any CPU
		{24D4D435-8337-415C-ACC7-AA9931D8A556}.Release|Any CPU.Build.0 = Release|Any CPU
	EndGlobalSection
	GlobalSection(SolutionProperties) = preSolution
		HideSolutionNode = FALSE
	EndGlobalSection
	GlobalSection(ExtensibilityGlobals) = postSolution
		SolutionGuid = {A36BA7EE-18B0-42CA-ABBF-5659521F2CDF}
	EndGlobalSection
EndGlobal
