
Microsoft Visual Studio Solution File, Format Version 12.00
# Visual Studio Version 17
VisualStudioVersion = 17.4.33213.308
MinimumVisualStudioVersion = 10.0.40219.1
Project("{FAE04EC0-301F-11D3-BF4B-00C04F79EFBC}") = "GeoPlugin", "GeoPlugin\GeoPlugin.csproj", "{C2B0CCF8-01A0-42D8-81B4-F208C93B045F}"
EndProject
Global
	GlobalSection(SolutionConfigurationPlatforms) = preSolution
		Debug|Any CPU = Debug|Any CPU
		Release|Any CPU = Release|Any CPU
	EndGlobalSection
	GlobalSection(ProjectConfigurationPlatforms) = postSolution
		{C2B0CCF8-01A0-42D8-81B4-F208C93B045F}.Debug|Any CPU.ActiveCfg = Debug|Any CPU
		{C2B0CCF8-01A0-42D8-81B4-F208C93B045F}.Debug|Any CPU.Build.0 = Debug|Any CPU
		{C2B0CCF8-01A0-42D8-81B4-F208C93B045F}.Release|Any CPU.ActiveCfg = Release|Any CPU
		{C2B0CCF8-01A0-42D8-81B4-F208C93B045F}.Release|Any CPU.Build.0 = Release|Any CPU
	EndGlobalSection
	GlobalSection(SolutionProperties) = preSolution
		HideSolutionNode = FALSE
	EndGlobalSection
	GlobalSection(ExtensibilityGlobals) = postSolution
		SolutionGuid = {53FC5495-EF2A-4942-BACD-086AC3529774}
	EndGlobalSection
EndGlobal
