
Microsoft Visual Studio Solution File, Format Version 12.00
# Visual Studio Version 17
VisualStudioVersion = 17.4.33213.308
MinimumVisualStudioVersion = 10.0.40219.1
Project("{FAE04EC0-301F-11D3-BF4B-00C04F79EFBC}") = "ChatBot", "ChatBot\ChatBot.csproj", "{208415F6-4218-4D1B-836B-8CEE4FAD5C11}"
EndProject
Project("{FAE04EC0-301F-11D3-BF4B-00C04F79EFBC}") = "SpeechRego", "SpeechRego\SpeechRego.csproj", "{8980265E-C15B-43E9-A34A-EED80707C44F}"
EndProject
Global
	GlobalSection(SolutionConfigurationPlatforms) = preSolution
		Debug|Any CPU = Debug|Any CPU
		Release|Any CPU = Release|Any CPU
	EndGlobalSection
	GlobalSection(ProjectConfigurationPlatforms) = postSolution
		{208415F6-4218-4D1B-836B-8CEE4FAD5C11}.Debug|Any CPU.ActiveCfg = Debug|Any CPU
		{208415F6-4218-4D1B-836B-8CEE4FAD5C11}.Debug|Any CPU.Build.0 = Debug|Any CPU
		{208415F6-4218-4D1B-836B-8CEE4FAD5C11}.Release|Any CPU.ActiveCfg = Release|Any CPU
		{208415F6-4218-4D1B-836B-8CEE4FAD5C11}.Release|Any CPU.Build.0 = Release|Any CPU
		{8980265E-C15B-43E9-A34A-EED80707C44F}.Debug|Any CPU.ActiveCfg = Debug|Any CPU
		{8980265E-C15B-43E9-A34A-EED80707C44F}.Debug|Any CPU.Build.0 = Debug|Any CPU
		{8980265E-C15B-43E9-A34A-EED80707C44F}.Release|Any CPU.ActiveCfg = Release|Any CPU
		{8980265E-C15B-43E9-A34A-EED80707C44F}.Release|Any CPU.Build.0 = Release|Any CPU
	EndGlobalSection
	GlobalSection(SolutionProperties) = preSolution
		HideSolutionNode = FALSE
	EndGlobalSection
	GlobalSection(ExtensibilityGlobals) = postSolution
		SolutionGuid = {10D17A16-507E-417C-8C6D-EB0632A9A0ED}
	EndGlobalSection
EndGlobal
