
Microsoft Visual Studio Solution File, Format Version 12.00
# Visual Studio Version 17
VisualStudioVersion = 17.4.33213.308
MinimumVisualStudioVersion = 10.0.40219.1
Project("{FAE04EC0-301F-11D3-BF4B-00C04F79EFBC}") = "MyGeoLocator", "MyGeoLocator\MyGeoLocator.csproj", "{D4411420-2448-42E8-A6E7-E5269AF2B900}"
EndProject
Global
	GlobalSection(SolutionConfigurationPlatforms) = preSolution
		Debug|Any CPU = Debug|Any CPU
		Release|Any CPU = Release|Any CPU
	EndGlobalSection
	GlobalSection(ProjectConfigurationPlatforms) = postSolution
		{D4411420-2448-42E8-A6E7-E5269AF2B900}.Debug|Any CPU.ActiveCfg = Debug|Any CPU
		{D4411420-2448-42E8-A6E7-E5269AF2B900}.Debug|Any CPU.Build.0 = Debug|Any CPU
		{D4411420-2448-42E8-A6E7-E5269AF2B900}.Release|Any CPU.ActiveCfg = Release|Any CPU
		{D4411420-2448-42E8-A6E7-E5269AF2B900}.Release|Any CPU.Build.0 = Release|Any CPU
	EndGlobalSection
	GlobalSection(SolutionProperties) = preSolution
		HideSolutionNode = FALSE
	EndGlobalSection
	GlobalSection(ExtensibilityGlobals) = postSolution
		SolutionGuid = {8514522F-B9ED-43B3-B7CA-EAC3A4779E44}
	EndGlobalSection
EndGlobal
