
Microsoft Visual Studio Solution File, Format Version 12.00
# Visual Studio Version 17
VisualStudioVersion = 17.4.33110.190
MinimumVisualStudioVersion = 10.0.40219.1
Project("{FAE04EC0-301F-11D3-BF4B-00C04F79EFBC}") = "Utraining", "Utraining\Utraining.csproj", "{961A385E-0E28-4EDD-8277-1814946E2DD6}"
EndProject
Global
	GlobalSection(SolutionConfigurationPlatforms) = preSolution
		Debug|Any CPU = Debug|Any CPU
		Release|Any CPU = Release|Any CPU
	EndGlobalSection
	GlobalSection(ProjectConfigurationPlatforms) = postSolution
		{961A385E-0E28-4EDD-8277-1814946E2DD6}.Debug|Any CPU.ActiveCfg = Debug|Any CPU
		{961A385E-0E28-4EDD-8277-1814946E2DD6}.Debug|Any CPU.Build.0 = Debug|Any CPU
		{961A385E-0E28-4EDD-8277-1814946E2DD6}.Release|Any CPU.ActiveCfg = Release|Any CPU
		{961A385E-0E28-4EDD-8277-1814946E2DD6}.Release|Any CPU.Build.0 = Release|Any CPU
	EndGlobalSection
	GlobalSection(SolutionProperties) = preSolution
		HideSolutionNode = FALSE
	EndGlobalSection
	GlobalSection(ExtensibilityGlobals) = postSolution
		SolutionGuid = {A061E5FB-26B2-4F1A-98F5-328E55249553}
	EndGlobalSection
EndGlobal
