
Microsoft Visual Studio Solution File, Format Version 12.00
# Visual Studio Version 17
VisualStudioVersion = 17.3.32901.215
MinimumVisualStudioVersion = 10.0.40219.1
Project("{FAE04EC0-301F-11D3-BF4B-00C04F79EFBC}") = "Bankaccount", "Bankaccount\Bankaccount.csproj", "{977875FD-37A0-43E0-9A8E-BCD3C4E80265}"
EndProject
Global
	GlobalSection(SolutionConfigurationPlatforms) = preSolution
		Debug|Any CPU = Debug|Any CPU
		Release|Any CPU = Release|Any CPU
	EndGlobalSection
	GlobalSection(ProjectConfigurationPlatforms) = postSolution
		{977875FD-37A0-43E0-9A8E-BCD3C4E80265}.Debug|Any CPU.ActiveCfg = Debug|Any CPU
		{977875FD-37A0-43E0-9A8E-BCD3C4E80265}.Debug|Any CPU.Build.0 = Debug|Any CPU
		{977875FD-37A0-43E0-9A8E-BCD3C4E80265}.Release|Any CPU.ActiveCfg = Release|Any CPU
		{977875FD-37A0-43E0-9A8E-BCD3C4E80265}.Release|Any CPU.Build.0 = Release|Any CPU
	EndGlobalSection
	GlobalSection(SolutionProperties) = preSolution
		HideSolutionNode = FALSE
	EndGlobalSection
	GlobalSection(ExtensibilityGlobals) = postSolution
		SolutionGuid = {874B37DE-8C2D-423A-B718-411AFB0816B7}
	EndGlobalSection
EndGlobal
