
Microsoft Visual Studio Solution File, Format Version 12.00
# Visual Studio Version 17
VisualStudioVersion = 17.3.32901.215
MinimumVisualStudioVersion = 10.0.40219.1
Project("{FAE04EC0-301F-11D3-BF4B-00C04F79EFBC}") = "existsException", "existsException\existsException.csproj", "{0B9D3B47-F700-4079-9ADB-D3C935DF96C8}"
EndProject
Global
	GlobalSection(SolutionConfigurationPlatforms) = preSolution
		Debug|Any CPU = Debug|Any CPU
		Release|Any CPU = Release|Any CPU
	EndGlobalSection
	GlobalSection(ProjectConfigurationPlatforms) = postSolution
		{0B9D3B47-F700-4079-9ADB-D3C935DF96C8}.Debug|Any CPU.ActiveCfg = Debug|Any CPU
		{0B9D3B47-F700-4079-9ADB-D3C935DF96C8}.Debug|Any CPU.Build.0 = Debug|Any CPU
		{0B9D3B47-F700-4079-9ADB-D3C935DF96C8}.Release|Any CPU.ActiveCfg = Release|Any CPU
		{0B9D3B47-F700-4079-9ADB-D3C935DF96C8}.Release|Any CPU.Build.0 = Release|Any CPU
	EndGlobalSection
	GlobalSection(SolutionProperties) = preSolution
		HideSolutionNode = FALSE
	EndGlobalSection
	GlobalSection(ExtensibilityGlobals) = postSolution
		SolutionGuid = {87203975-AA6D-4D72-8B66-AC21D04CCA9A}
	EndGlobalSection
EndGlobal
