
Microsoft Visual Studio Solution File, Format Version 12.00
# Visual Studio Version 17
VisualStudioVersion = 17.4.33110.190
MinimumVisualStudioVersion = 10.0.40219.1
Project("{FAE04EC0-301F-11D3-BF4B-00C04F79EFBC}") = "PokerGameTable", "PokerGameTable\PokerGameTable.csproj", "{72EA9D23-CDC6-4F90-9FBE-0281D9779271}"
EndProject
Global
	GlobalSection(SolutionConfigurationPlatforms) = preSolution
		Debug|Any CPU = Debug|Any CPU
		Release|Any CPU = Release|Any CPU
	EndGlobalSection
	GlobalSection(ProjectConfigurationPlatforms) = postSolution
		{72EA9D23-CDC6-4F90-9FBE-0281D9779271}.Debug|Any CPU.ActiveCfg = Debug|Any CPU
		{72EA9D23-CDC6-4F90-9FBE-0281D9779271}.Debug|Any CPU.Build.0 = Debug|Any CPU
		{72EA9D23-CDC6-4F90-9FBE-0281D9779271}.Release|Any CPU.ActiveCfg = Release|Any CPU
		{72EA9D23-CDC6-4F90-9FBE-0281D9779271}.Release|Any CPU.Build.0 = Release|Any CPU
	EndGlobalSection
	GlobalSection(SolutionProperties) = preSolution
		HideSolutionNode = FALSE
	EndGlobalSection
	GlobalSection(ExtensibilityGlobals) = postSolution
		SolutionGuid = {25B08C49-6AEE-4341-9186-7DC5DED4FC81}
	EndGlobalSection
EndGlobal
