
Microsoft Visual Studio Solution File, Format Version 12.00
# Visual Studio Version 17
VisualStudioVersion = 17.3.32901.215
MinimumVisualStudioVersion = 10.0.40219.1
Project("{FAE04EC0-301F-11D3-BF4B-00C04F79EFBC}") = "1stApp", "1stApp\1stApp.csproj", "{F14618D7-398C-494E-8B8B-3CAA3A7A61D7}"
EndProject
Global
	GlobalSection(SolutionConfigurationPlatforms) = preSolution
		Debug|Any CPU = Debug|Any CPU
		Release|Any CPU = Release|Any CPU
	EndGlobalSection
	GlobalSection(ProjectConfigurationPlatforms) = postSolution
		{F14618D7-398C-494E-8B8B-3CAA3A7A61D7}.Debug|Any CPU.ActiveCfg = Debug|Any CPU
		{F14618D7-398C-494E-8B8B-3CAA3A7A61D7}.Debug|Any CPU.Build.0 = Debug|Any CPU
		{F14618D7-398C-494E-8B8B-3CAA3A7A61D7}.Release|Any CPU.ActiveCfg = Release|Any CPU
		{F14618D7-398C-494E-8B8B-3CAA3A7A61D7}.Release|Any CPU.Build.0 = Release|Any CPU
	EndGlobalSection
	GlobalSection(SolutionProperties) = preSolution
		HideSolutionNode = FALSE
	EndGlobalSection
	GlobalSection(ExtensibilityGlobals) = postSolution
		SolutionGuid = {1EBEEE49-FD59-411C-8AE3-EDA2BEA72790}
	EndGlobalSection
EndGlobal
