
Microsoft Visual Studio Solution File, Format Version 12.00
# Visual Studio Version 17
VisualStudioVersion = 17.3.32901.215
MinimumVisualStudioVersion = 10.0.40219.1
Project("{FAE04EC0-301F-11D3-BF4B-00C04F79EFBC}") = "Notepad", "ConsoleApp1\Notepad.csproj", "{AF743FF5-4C15-4130-9FA7-D96EFDAF2984}"
EndProject
Global
	GlobalSection(SolutionConfigurationPlatforms) = preSolution
		Debug|Any CPU = Debug|Any CPU
		Release|Any CPU = Release|Any CPU
	EndGlobalSection
	GlobalSection(ProjectConfigurationPlatforms) = postSolution
		{AF743FF5-4C15-4130-9FA7-D96EFDAF2984}.Debug|Any CPU.ActiveCfg = Debug|Any CPU
		{AF743FF5-4C15-4130-9FA7-D96EFDAF2984}.Debug|Any CPU.Build.0 = Debug|Any CPU
		{AF743FF5-4C15-4130-9FA7-D96EFDAF2984}.Release|Any CPU.ActiveCfg = Release|Any CPU
		{AF743FF5-4C15-4130-9FA7-D96EFDAF2984}.Release|Any CPU.Build.0 = Release|Any CPU
	EndGlobalSection
	GlobalSection(SolutionProperties) = preSolution
		HideSolutionNode = FALSE
	EndGlobalSection
	GlobalSection(ExtensibilityGlobals) = postSolution
		SolutionGuid = {0193F110-EAA3-477B-8797-19EFDDB4E782}
	EndGlobalSection
EndGlobal
