
Microsoft Visual Studio Solution File, Format Version 12.00
# Visual Studio Version 17
VisualStudioVersion = 17.3.32901.215
MinimumVisualStudioVersion = 10.0.40219.1
Project("{FAE04EC0-301F-11D3-BF4B-00C04F79EFBC}") = "practice", "practice\practice.csproj", "{59D1379E-E88C-4FAB-9D05-92F45A253CD4}"
EndProject
Global
	GlobalSection(SolutionConfigurationPlatforms) = preSolution
		Debug|Any CPU = Debug|Any CPU
		Release|Any CPU = Release|Any CPU
	EndGlobalSection
	GlobalSection(ProjectConfigurationPlatforms) = postSolution
		{59D1379E-E88C-4FAB-9D05-92F45A253CD4}.Debug|Any CPU.ActiveCfg = Debug|Any CPU
		{59D1379E-E88C-4FAB-9D05-92F45A253CD4}.Debug|Any CPU.Build.0 = Debug|Any CPU
		{59D1379E-E88C-4FAB-9D05-92F45A253CD4}.Release|Any CPU.ActiveCfg = Release|Any CPU
		{59D1379E-E88C-4FAB-9D05-92F45A253CD4}.Release|Any CPU.Build.0 = Release|Any CPU
	EndGlobalSection
	GlobalSection(SolutionProperties) = preSolution
		HideSolutionNode = FALSE
	EndGlobalSection
	GlobalSection(ExtensibilityGlobals) = postSolution
		SolutionGuid = {478A3F53-BC0C-4C49-A1F7-FDB006A85984}
	EndGlobalSection
EndGlobal
