
Microsoft Visual Studio Solution File, Format Version 12.00
# Visual Studio Version 17
VisualStudioVersion = 17.3.32929.385
MinimumVisualStudioVersion = 10.0.40219.1
Project("{FAE04EC0-301F-11D3-BF4B-00C04F79EFBC}") = "practice", "practice\practice.csproj", "{FEA88E45-57BF-4B15-A4E8-34AEC6026B82}"
EndProject
Global
	GlobalSection(SolutionConfigurationPlatforms) = preSolution
		Debug|Any CPU = Debug|Any CPU
		Release|Any CPU = Release|Any CPU
	EndGlobalSection
	GlobalSection(ProjectConfigurationPlatforms) = postSolution
		{FEA88E45-57BF-4B15-A4E8-34AEC6026B82}.Debug|Any CPU.ActiveCfg = Debug|Any CPU
		{FEA88E45-57BF-4B15-A4E8-34AEC6026B82}.Debug|Any CPU.Build.0 = Debug|Any CPU
		{FEA88E45-57BF-4B15-A4E8-34AEC6026B82}.Release|Any CPU.ActiveCfg = Release|Any CPU
		{FEA88E45-57BF-4B15-A4E8-34AEC6026B82}.Release|Any CPU.Build.0 = Release|Any CPU
	EndGlobalSection
	GlobalSection(SolutionProperties) = preSolution
		HideSolutionNode = FALSE
	EndGlobalSection
	GlobalSection(ExtensibilityGlobals) = postSolution
		SolutionGuid = {A82415CB-C441-4582-9579-753B2B1636C8}
	EndGlobalSection
EndGlobal
