
Microsoft Visual Studio Solution File, Format Version 12.00
# Visual Studio Version 17
VisualStudioVersion = 17.3.32901.215
MinimumVisualStudioVersion = 10.0.40219.1
Project("{FAE04EC0-301F-11D3-BF4B-00C04F79EFBC}") = "Arrays", "Arrays\Arrays.csproj", "{7E8EA1D4-C8F2-44D9-AFE4-281685B6E226}"
EndProject
Global
	GlobalSection(SolutionConfigurationPlatforms) = preSolution
		Debug|Any CPU = Debug|Any CPU
		Release|Any CPU = Release|Any CPU
	EndGlobalSection
	GlobalSection(ProjectConfigurationPlatforms) = postSolution
		{7E8EA1D4-C8F2-44D9-AFE4-281685B6E226}.Debug|Any CPU.ActiveCfg = Debug|Any CPU
		{7E8EA1D4-C8F2-44D9-AFE4-281685B6E226}.Debug|Any CPU.Build.0 = Debug|Any CPU
		{7E8EA1D4-C8F2-44D9-AFE4-281685B6E226}.Release|Any CPU.ActiveCfg = Release|Any CPU
		{7E8EA1D4-C8F2-44D9-AFE4-281685B6E226}.Release|Any CPU.Build.0 = Release|Any CPU
	EndGlobalSection
	GlobalSection(SolutionProperties) = preSolution
		HideSolutionNode = FALSE
	EndGlobalSection
	GlobalSection(ExtensibilityGlobals) = postSolution
		SolutionGuid = {CDE531FA-4845-46A7-BF38-4DF50DD59AD8}
	EndGlobalSection
EndGlobal
